{
  "pins" : [
    {
      "identity" : "jwtdecode.swift",
      "kind" : "remoteSourceControl",
      "location" : "https://github.com/auth0/JWTDecode.swift.git",
      "state" : {
        "revision" : "7918a343e674c7707e0be120bb4e21d679be014c",
        "version" : "3.0.1"
      }
    },
    {
      "identity" : "keychainaccess",
      "kind" : "remoteSourceControl",
      "location" : "https://github.com/kishikawakatsumi/KeychainAccess.git",
      "state" : {
        "branch" : "master",
        "revision" : "ecb18d8ce4d88277cc4fb103973352d91e18c535"
      }
    }
  ],
  "version" : 2
}
